// !$*UTF8*$!
{
	archiveVersion = 1;
	classes = {
	};
	objectVersion = 77;
	objects = {

/* Begin PBXBuildFile section */
		72A8A82F2F6916DC0072F313 /* Sparkle in Frameworks */ = {isa = PBXBuildFile; productRef = 72A8A82E2F6916DC0072F313 /* Sparkle */; };
/* End PBXBuildFile section */

/* Begin PBXContainerItemProxy section */
		72C3667A2F555AF600F76F2D /* PBXContainerItemProxy */ = {
			isa = PBXContainerItemProxy;
			containerPortal = 72C366622F555AF100F76F2D /* Project object */;
			proxyType = 1;
			remoteGlobalIDString = 72C366692F555AF100F76F2D;
			remoteInfo = "voice-input";
		};
		72C366842F555AF600F76F2D /* PBXContainerItemProxy */ = {
			isa = PBXContainerItemProxy;
			containerPortal = 72C366622F555AF100F76F2D /* Project object */;
			proxyType = 1;
			remoteGlobalIDString = 72C366692F555AF100F76F2D;
			remoteInfo = "voice-input";
		};
/* End PBXContainerItemProxy section */

/* Begin PBXFileReference section */
		72C3666A2F555AF100F76F2D /* voice-input.app */ = {isa = PBXFileReference; explicitFileType = wrapper.application; includeInIndex = 0; name = "voice-input.app"; path = "龙虾输入法.app"; sourceTree = BUILT_PRODUCTS_DIR; };
		72C366792F555AF600F76F2D /* voice-inputTests.xctest */ = {isa = PBXFileReference; explicitFileType = wrapper.cfbundle; includeInIndex = 0; name = "voice-inputTests.xctest"; path = "龙虾输入法.xctest"; sourceTree = BUILT_PRODUCTS_DIR; };
		72C366832F555AF600F76F2D /* voice-inputUITests.xctest */ = {isa = PBXFileReference; explicitFileType = wrapper.cfbundle; includeInIndex = 0; name = "voice-inputUITests.xctest"; path = "龙虾输入法.xctest"; sourceTree = BUILT_PRODUCTS_DIR; };
/* End PBXFileReference section */

/* Begin PBXFileSystemSynchronizedBuildFileExceptionSet section */
		72C3669A2F555AF600F76F2D /* Exceptions for "voice-input" folder in "voice-input" target */ = {
			isa = PBXFileSystemSynchronizedBuildFileExceptionSet;
			membershipExceptions = (
				Info.plist,
			);
			target = 72C366692F555AF100F76F2D /* voice-input */;
		};
/* End PBXFileSystemSynchronizedBuildFileExceptionSet section */

/* Begin PBXFileSystemSynchronizedRootGroup section */
		72C3666C2F555AF100F76F2D /* voice-input */ = {
			isa = PBXFileSystemSynchronizedRootGroup;
			exceptions = (
				72C3669A2F555AF600F76F2D /* Exceptions for "voice-input" folder in "voice-input" target */,
			);
			path = "voice-input";
			sourceTree = "<group>";
		};
		72C3667C2F555AF600F76F2D /* voice-inputTests */ = {
			isa = PBXFileSystemSynchronizedRootGroup;
			path = "voice-inputTests";
			sourceTree = "<group>";
		};
		72C366862F555AF600F76F2D /* voice-inputUITests */ = {
			isa = PBXFileSystemSynchronizedRootGroup;
			path = "voice-inputUITests";
			sourceTree = "<group>";
		};
/* End PBXFileSystemSynchronizedRootGroup section */

/* Begin PBXFrameworksBuildPhase section */
		72C366672F555AF100F76F2D /* Frameworks */ = {
			isa = PBXFrameworksBuildPhase;
			buildActionMask = 2147483647;
			files = (
				72A8A82F2F6916DC0072F313 /* Sparkle in Frameworks */,
			);
			runOnlyForDeploymentPostprocessing = 0;
		};
		72C366762F555AF600F76F2D /* Frameworks */ = {
			isa = PBXFrameworksBuildPhase;
			buildActionMask = 2147483647;
			files = (
			);
			runOnlyForDeploymentPostprocessing = 0;
		};
		72C366802F555AF600F76F2D /* Frameworks */ = {
			isa = PBXFrameworksBuildPhase;
			buildActionMask = 2147483647;
			files = (
			);
			runOnlyForDeploymentPostprocessing = 0;
		};
/* End PBXFrameworksBuildPhase section */

/* Begin PBXGroup section */
		72A8A82D2F6916DC0072F313 /* Frameworks */ = {
			isa = PBXGroup;
			children = (
			);
			name = Frameworks;
			sourceTree = "<group>";
		};
		72C366612F555AF100F76F2D = {
			isa = PBXGroup;
			children = (
				72C3666C2F555AF100F76F2D /* voice-input */,
				72C3667C2F555AF600F76F2D /* voice-inputTests */,
				72C366862F555AF600F76F2D /* voice-inputUITests */,
				72A8A82D2F6916DC0072F313 /* Frameworks */,
				72C3666B2F555AF100F76F2D /* Products */,
			);
			sourceTree = "<group>";
		};
		72C3666B2F555AF100F76F2D /* Products */ = {
			isa = PBXGroup;
			children = (
				72C3666A2F555AF100F76F2D /* voice-input.app */,
				72C366792F555AF600F76F2D /* voice-inputTests.xctest */,
				72C366832F555AF600F76F2D /* voice-inputUITests.xctest */,
			);
			name = Products;
			sourceTree = "<group>";
		};
/* End PBXGroup section */

/* Begin PBXNativeTarget section */
		72C366692F555AF100F76F2D /* voice-input */ = {
			isa = PBXNativeTarget;
			buildConfigurationList = 72C3668D2F555AF600F76F2D /* Build configuration list for PBXNativeTarget "voice-input" */;
			buildPhases = (
				72C366662F555AF100F76F2D /* Sources */,
				72C366672F555AF100F76F2D /* Frameworks */,
				72C366682F555AF100F76F2D /* Resources */,
			);
			buildRules = (
			);
			dependencies = (
			);
			fileSystemSynchronizedGroups = (
				72C3666C2F555AF100F76F2D /* voice-input */,
			);
			name = "voice-input";
			packageProductDependencies = (
				72A8A82E2F6916DC0072F313 /* Sparkle */,
			);
			productName = "voice-input";
			productReference = 72C3666A2F555AF100F76F2D /* voice-input.app */;
			productType = "com.apple.product-type.application";
		};
		72C366782F555AF600F76F2D /* voice-inputTests */ = {
			isa = PBXNativeTarget;
			buildConfigurationList = 72C366902F555AF600F76F2D /* Build configuration list for PBXNativeTarget "voice-inputTests" */;
			buildPhases = (
				72C366752F555AF600F76F2D /* Sources */,
				72C366762F555AF600F76F2D /* Frameworks */,
				72C366772F555AF600F76F2D /* Resources */,
			);
			buildRules = (
			);
			dependencies = (
				72C3667B2F555AF600F76F2D /* PBXTargetDependency */,
			);
			fileSystemSynchronizedGroups = (
				72C3667C2F555AF600F76F2D /* voice-inputTests */,
			);
			name = "voice-inputTests";
			packageProductDependencies = (
			);
			productName = "voice-inputTests";
			productReference = 72C366792F555AF600F76F2D /* voice-inputTests.xctest */;
			productType = "com.apple.product-type.bundle.unit-test";
		};
		72C366822F555AF600F76F2D /* voice-inputUITests */ = {
			isa = PBXNativeTarget;
			buildConfigurationList = 72C366932F555AF600F76F2D /* Build configuration list for PBXNativeTarget "voice-inputUITests" */;
			buildPhases = (
				72C3667F2F555AF600F76F2D /* Sources */,
				72C366802F555AF600F76F2D /* Frameworks */,
				72C366812F555AF600F76F2D /* Resources */,
			);
			buildRules = (
			);
			dependencies = (
				72C366852F555AF600F76F2D /* PBXTargetDependency */,
			);
			fileSystemSynchronizedGroups = (
				72C366862F555AF600F76F2D /* voice-inputUITests */,
			);
			name = "voice-inputUITests";
			packageProductDependencies = (
			);
			productName = "voice-inputUITests";
			productReference = 72C366832F555AF600F76F2D /* voice-inputUITests.xctest */;
			productType = "com.apple.product-type.bundle.ui-testing";
		};
/* End PBXNativeTarget section */

/* Begin PBXProject section */
		72C366622F555AF100F76F2D /* Project object */ = {
			isa = PBXProject;
			attributes = {
				BuildIndependentTargetsInParallel = 1;
				LastSwiftUpdateCheck = 2620;
				LastUpgradeCheck = 2620;
				TargetAttributes = {
					72C366692F555AF100F76F2D = {
						CreatedOnToolsVersion = 26.2;
					};
					72C366782F555AF600F76F2D = {
						CreatedOnToolsVersion = 26.2;
						TestTargetID = 72C366692F555AF100F76F2D;
					};
					72C366822F555AF600F76F2D = {
						CreatedOnToolsVersion = 26.2;
						TestTargetID = 72C366692F555AF100F76F2D;
					};
				};
			};
			buildConfigurationList = 72C366652F555AF100F76F2D /* Build configuration list for PBXProject "voice-input" */;
			developmentRegion = en;
			hasScannedForEncodings = 0;
			knownRegions = (
				en,
				Base,
			);
			mainGroup = 72C366612F555AF100F76F2D;
			minimizedProjectReferenceProxies = 1;
			packageReferences = (
				72A8A82C2F6916D30072F313 /* XCRemoteSwiftPackageReference "Sparkle" */,
			);
			preferredProjectObjectVersion = 77;
			productRefGroup = 72C3666B2F555AF100F76F2D /* Products */;
			projectDirPath = "";
			projectRoot = "";
			targets = (
				72C366692F555AF100F76F2D /* voice-input */,
				72C366782F555AF600F76F2D /* voice-inputTests */,
				72C366822F555AF600F76F2D /* voice-inputUITests */,
			);
		};
/* End PBXProject section */

/* Begin PBXResourcesBuildPhase section */
		72C366682F555AF100F76F2D /* Resources */ = {
			isa = PBXResourcesBuildPhase;
			buildActionMask = 2147483647;
			files = (
			);
			runOnlyForDeploymentPostprocessing = 0;
		};
		72C366772F555AF600F76F2D /* Resources */ = {
			isa = PBXResourcesBuildPhase;
			buildActionMask = 2147483647;
			files = (
			);
			runOnlyForDeploymentPostprocessing = 0;
		};
		72C366812F555AF600F76F2D /* Resources */ = {
			isa = PBXResourcesBuildPhase;
			buildActionMask = 2147483647;
			files = (
			);
			runOnlyForDeploymentPostprocessing = 0;
		};
/* End PBXResourcesBuildPhase section */

/* Begin PBXSourcesBuildPhase section */
		72C366662F555AF100F76F2D /* Sources */ = {
			isa = PBXSourcesBuildPhase;
			buildActionMask = 2147483647;
			files = (
			);
			runOnlyForDeploymentPostprocessing = 0;
		};
		72C366752F555AF600F76F2D /* Sources */ = {
			isa = PBXSourcesBuildPhase;
			buildActionMask = 2147483647;
			files = (
			);
			runOnlyForDeploymentPostprocessing = 0;
		};
		72C3667F2F555AF600F76F2D /* Sources */ = {
			isa = PBXSourcesBuildPhase;
			buildActionMask = 2147483647;
			files = (
			);
			runOnlyForDeploymentPostprocessing = 0;
		};
/* End PBXSourcesBuildPhase section */

/* Begin PBXTargetDependency section */
		72C3667B2F555AF600F76F2D /* PBXTargetDependency */ = {
			isa = PBXTargetDependency;
			target = 72C366692F555AF100F76F2D /* voice-input */;
			targetProxy = 72C3667A2F555AF600F76F2D /* PBXContainerItemProxy */;
		};
		72C366852F555AF600F76F2D /* PBXTargetDependency */ = {
			isa = PBXTargetDependency;
			target = 72C366692F555AF100F76F2D /* voice-input */;
			targetProxy = 72C366842F555AF600F76F2D /* PBXContainerItemProxy */;
		};
/* End PBXTargetDependency section */

/* Begin XCBuildConfiguration section */
		72C3668B2F555AF600F76F2D /* Debug */ = {
			isa = XCBuildConfiguration;
			buildSettings = {
				ALWAYS_SEARCH_USER_PATHS = NO;
				ASSETCATALOG_COMPILER_GENERATE_SWIFT_ASSET_SYMBOL_EXTENSIONS = YES;
				CLANG_ANALYZER_NONNULL = YES;
				CLANG_ANALYZER_NUMBER_OBJECT_CONVERSION = YES_AGGRESSIVE;
				CLANG_CXX_LANGUAGE_STANDARD = "gnu++20";
				CLANG_ENABLE_MODULES = YES;
				CLANG_ENABLE_OBJC_ARC = YES;
				CLANG_ENABLE_OBJC_WEAK = YES;
				CLANG_WARN_BLOCK_CAPTURE_AUTORELEASING = YES;
				CLANG_WARN_BOOL_CONVERSION = YES;
				CLANG_WARN_COMMA = YES;
				CLANG_WARN_CONSTANT_CONVERSION = YES;
				CLANG_WARN_DEPRECATED_OBJC_IMPLEMENTATIONS = YES;
				CLANG_WARN_DIRECT_OBJC_ISA_USAGE = YES_ERROR;
				CLANG_WARN_DOCUMENTATION_COMMENTS = YES;
				CLANG_WARN_EMPTY_BODY = YES;
				CLANG_WARN_ENUM_CONVERSION = YES;
				CLANG_WARN_INFINITE_RECURSION = YES;
				CLANG_WARN_INT_CONVERSION = YES;
				CLANG_WARN_NON_LITERAL_NULL_CONVERSION = YES;
				CLANG_WARN_OBJC_IMPLICIT_RETAIN_SELF = YES;
				CLANG_WARN_OBJC_LITERAL_CONVERSION = YES;
				CLANG_WARN_OBJC_ROOT_CLASS = YES_ERROR;
				CLANG_WARN_QUOTED_INCLUDE_IN_FRAMEWORK_HEADER = YES;
				CLANG_WARN_RANGE_LOOP_ANALYSIS = YES;
				CLANG_WARN_STRICT_PROTOTYPES = YES;
				CLANG_WARN_SUSPICIOUS_MOVE = YES;
				CLANG_WARN_UNGUARDED_AVAILABILITY = YES_AGGRESSIVE;
				CLANG_WARN_UNREACHABLE_CODE = YES;
				CLANG_WARN__DUPLICATE_METHOD_MATCH = YES;
				COPY_PHASE_STRIP = NO;
				DEBUG_INFORMATION_FORMAT = dwarf;
				ENABLE_STRICT_OBJC_MSGSEND = YES;
				ENABLE_TESTABILITY = YES;
				ENABLE_USER_SCRIPT_SANDBOXING = YES;
				GCC_C_LANGUAGE_STANDARD = gnu17;
				GCC_DYNAMIC_NO_PIC = NO;
				GCC_NO_COMMON_BLOCKS = YES;
				GCC_OPTIMIZATION_LEVEL = 0;
				GCC_PREPROCESSOR_DEFINITIONS = (
					"DEBUG=1",
					"$(inherited)",
				);
				GCC_WARN_64_TO_32_BIT_CONVERSION = YES;
				GCC_WARN_ABOUT_RETURN_TYPE = YES_ERROR;
				GCC_WARN_UNDECLARED_SELECTOR = YES;
				GCC_WARN_UNINITIALIZED_AUTOS = YES_AGGRESSIVE;
				GCC_WARN_UNUSED_FUNCTION = YES;
				GCC_WARN_UNUSED_VARIABLE = YES;
				LOCALIZATION_PREFERS_STRING_CATALOGS = YES;
				MACOSX_DEPLOYMENT_TARGET = 14.6;
				MTL_ENABLE_DEBUG_INFO = INCLUDE_SOURCE;
				MTL_FAST_MATH = YES;
				ONLY_ACTIVE_ARCH = YES;
				SDKROOT = macosx;
				SWIFT_ACTIVE_COMPILATION_CONDITIONS = "DEBUG $(inherited)";
				SWIFT_OPTIMIZATION_LEVEL = "-Onone";
			};
			name = Debug;
		};
		72C3668C2F555AF600F76F2D /* Release */ = {
			isa = XCBuildConfiguration;
			buildSettings = {
				ALWAYS_SEARCH_USER_PATHS = NO;
				ASSETCATALOG_COMPILER_GENERATE_SWIFT_ASSET_SYMBOL_EXTENSIONS = YES;
				CLANG_ANALYZER_NONNULL = YES;
				CLANG_ANALYZER_NUMBER_OBJECT_CONVERSION = YES_AGGRESSIVE;
				CLANG_CXX_LANGUAGE_STANDARD = "gnu++20";
				CLANG_ENABLE_MODULES = YES;
				CLANG_ENABLE_OBJC_ARC = YES;
				CLANG_ENABLE_OBJC_WEAK = YES;
				CLANG_WARN_BLOCK_CAPTURE_AUTORELEASING = YES;
				CLANG_WARN_BOOL_CONVERSION = YES;
				CLANG_WARN_COMMA = YES;
				CLANG_WARN_CONSTANT_CONVERSION = YES;
				CLANG_WARN_DEPRECATED_OBJC_IMPLEMENTATIONS = YES;
				CLANG_WARN_DIRECT_OBJC_ISA_USAGE = YES_ERROR;
				CLANG_WARN_DOCUMENTATION_COMMENTS = YES;
				CLANG_WARN_EMPTY_BODY = YES;
				CLANG_WARN_ENUM_CONVERSION = YES;
				CLANG_WARN_INFINITE_RECURSION = YES;
				CLANG_WARN_INT_CONVERSION = YES;
				CLANG_WARN_NON_LITERAL_NULL_CONVERSION = YES;
				CLANG_WARN_OBJC_IMPLICIT_RETAIN_SELF = YES;
				CLANG_WARN_OBJC_LITERAL_CONVERSION = YES;
				CLANG_WARN_OBJC_ROOT_CLASS = YES_ERROR;
				CLANG_WARN_QUOTED_INCLUDE_IN_FRAMEWORK_HEADER = YES;
				CLANG_WARN_RANGE_LOOP_ANALYSIS = YES;
				CLANG_WARN_STRICT_PROTOTYPES = YES;
				CLANG_WARN_SUSPICIOUS_MOVE = YES;
				CLANG_WARN_UNGUARDED_AVAILABILITY = YES_AGGRESSIVE;
				CLANG_WARN_UNREACHABLE_CODE = YES;
				CLANG_WARN__DUPLICATE_METHOD_MATCH = YES;
				COPY_PHASE_STRIP = NO;
				DEBUG_INFORMATION_FORMAT = "dwarf-with-dsym";
				ENABLE_NS_ASSERTIONS = NO;
				ENABLE_STRICT_OBJC_MSGSEND = YES;
				ENABLE_USER_SCRIPT_SANDBOXING = YES;
				GCC_C_LANGUAGE_STANDARD = gnu17;
				GCC_NO_COMMON_BLOCKS = YES;
				GCC_WARN_64_TO_32_BIT_CONVERSION = YES;
				GCC_WARN_ABOUT_RETURN_TYPE = YES_ERROR;
				GCC_WARN_UNDECLARED_SELECTOR = YES;
				GCC_WARN_UNINITIALIZED_AUTOS = YES_AGGRESSIVE;
				GCC_WARN_UNUSED_FUNCTION = YES;
				GCC_WARN_UNUSED_VARIABLE = YES;
				LOCALIZATION_PREFERS_STRING_CATALOGS = YES;
				MACOSX_DEPLOYMENT_TARGET = 14.6;
				MTL_ENABLE_DEBUG_INFO = NO;
				MTL_FAST_MATH = YES;
				SDKROOT = macosx;
				SWIFT_COMPILATION_MODE = wholemodule;
			};
			name = Release;
		};
		72C3668E2F555AF600F76F2D /* Debug */ = {
			isa = XCBuildConfiguration;
			buildSettings = {
				ASSETCATALOG_COMPILER_APPICON_NAME = AppIcon;
				ASSETCATALOG_COMPILER_GLOBAL_ACCENT_COLOR_NAME = AccentColor;
				CODE_SIGN_ENTITLEMENTS = "voice-input/voice-input.entitlements";
				CODE_SIGN_STYLE = Automatic;
				COMBINE_HIDPI_IMAGES = YES;
				CURRENT_PROJECT_VERSION = 221;
				DEVELOPMENT_TEAM = "";
				ENABLE_APP_SANDBOX = NO;
				ENABLE_HARDENED_RUNTIME = YES;
				ENABLE_PREVIEWS = YES;
				ENABLE_USER_SELECTED_FILES = readonly;
				GENERATE_INFOPLIST_FILE = NO;
				INFOPLIST_FILE = "voice-input/Info.plist";
				LD_RUNPATH_SEARCH_PATHS = (
					"$(inherited)",
					"@executable_path/../Frameworks",
				);
				MARKETING_VERSION = 0.3.6;
				PRODUCT_BUNDLE_IDENTIFIER = "ssh2026.voice-input";
				PRODUCT_NAME = "龙虾输入法";
				REGISTER_APP_GROUPS = YES;
				STRING_CATALOG_GENERATE_SYMBOLS = YES;
				SWIFT_APPROACHABLE_CONCURRENCY = YES;
				SWIFT_DEFAULT_ACTOR_ISOLATION = MainActor;
				SWIFT_EMIT_LOC_STRINGS = YES;
				SWIFT_UPCOMING_FEATURE_MEMBER_IMPORT_VISIBILITY = YES;
				SWIFT_VERSION = 5.0;
			};
			name = Debug;
		};
		72C3668F2F555AF600F76F2D /* Release */ = {
			isa = XCBuildConfiguration;
			buildSettings = {
				ASSETCATALOG_COMPILER_APPICON_NAME = AppIcon;
				ASSETCATALOG_COMPILER_GLOBAL_ACCENT_COLOR_NAME = AccentColor;
				CODE_SIGN_ENTITLEMENTS = "voice-input/voice-input.entitlements";
				CODE_SIGN_STYLE = Automatic;
				COMBINE_HIDPI_IMAGES = YES;
				CURRENT_PROJECT_VERSION = 221;
				DEVELOPMENT_TEAM = "";
				ENABLE_APP_SANDBOX = NO;
				ENABLE_HARDENED_RUNTIME = YES;
				ENABLE_PREVIEWS = YES;
				ENABLE_USER_SELECTED_FILES = readonly;
				GENERATE_INFOPLIST_FILE = NO;
				INFOPLIST_FILE = "voice-input/Info.plist";
				LD_RUNPATH_SEARCH_PATHS = (
					"$(inherited)",
					"@executable_path/../Frameworks",
				);
				MARKETING_VERSION = 0.3.6;
				PRODUCT_BUNDLE_IDENTIFIER = "ssh2026.voice-input";
				PRODUCT_NAME = "龙虾输入法";
				REGISTER_APP_GROUPS = YES;
				STRING_CATALOG_GENERATE_SYMBOLS = YES;
				SWIFT_APPROACHABLE_CONCURRENCY = YES;
				SWIFT_DEFAULT_ACTOR_ISOLATION = MainActor;
				SWIFT_EMIT_LOC_STRINGS = YES;
				SWIFT_UPCOMING_FEATURE_MEMBER_IMPORT_VISIBILITY = YES;
				SWIFT_VERSION = 5.0;
			};
			name = Release;
		};
		72C366912F555AF600F76F2D /* Debug */ = {
			isa = XCBuildConfiguration;
			buildSettings = {
				BUNDLE_LOADER = "$(TEST_HOST)";
				CODE_SIGN_STYLE = Automatic;
				CURRENT_PROJECT_VERSION = 221;
				DEVELOPMENT_TEAM = "";
				GENERATE_INFOPLIST_FILE = YES;
				MACOSX_DEPLOYMENT_TARGET = 14.6;
				MARKETING_VERSION = 0.3.6;
				PRODUCT_BUNDLE_IDENTIFIER = "ssh2026.voice-inputTests";
				PRODUCT_NAME = "龙虾输入法";
				STRING_CATALOG_GENERATE_SYMBOLS = NO;
				SWIFT_APPROACHABLE_CONCURRENCY = YES;
				SWIFT_EMIT_LOC_STRINGS = NO;
				SWIFT_UPCOMING_FEATURE_MEMBER_IMPORT_VISIBILITY = YES;
				SWIFT_VERSION = 5.0;
				TEST_HOST = "$(BUILT_PRODUCTS_DIR)/voice-input.app/$(BUNDLE_EXECUTABLE_FOLDER_PATH)/voice-input";
			};
			name = Debug;
		};
		72C366922F555AF600F76F2D /* Release */ = {
			isa = XCBuildConfiguration;
			buildSettings = {
				BUNDLE_LOADER = "$(TEST_HOST)";
				CODE_SIGN_STYLE = Automatic;
				CURRENT_PROJECT_VERSION = 221;
				DEVELOPMENT_TEAM = "";
				GENERATE_INFOPLIST_FILE = YES;
				MACOSX_DEPLOYMENT_TARGET = 14.6;
				MARKETING_VERSION = 0.3.6;
				PRODUCT_BUNDLE_IDENTIFIER = "ssh2026.voice-inputTests";
				PRODUCT_NAME = "龙虾输入法";
				STRING_CATALOG_GENERATE_SYMBOLS = NO;
				SWIFT_APPROACHABLE_CONCURRENCY = YES;
				SWIFT_EMIT_LOC_STRINGS = NO;
				SWIFT_UPCOMING_FEATURE_MEMBER_IMPORT_VISIBILITY = YES;
				SWIFT_VERSION = 5.0;
				TEST_HOST = "$(BUILT_PRODUCTS_DIR)/voice-input.app/$(BUNDLE_EXECUTABLE_FOLDER_PATH)/voice-input";
			};
			name = Release;
		};
		72C366942F555AF600F76F2D /* Debug */ = {
			isa = XCBuildConfiguration;
			buildSettings = {
				CODE_SIGN_STYLE = Automatic;
				CURRENT_PROJECT_VERSION = 221;
				DEVELOPMENT_TEAM = "";
				GENERATE_INFOPLIST_FILE = YES;
				MARKETING_VERSION = 0.3.6;
				PRODUCT_BUNDLE_IDENTIFIER = "ssh2026.voice-inputUITests";
				PRODUCT_NAME = "龙虾输入法";
				STRING_CATALOG_GENERATE_SYMBOLS = NO;
				SWIFT_APPROACHABLE_CONCURRENCY = YES;
				SWIFT_EMIT_LOC_STRINGS = NO;
				SWIFT_UPCOMING_FEATURE_MEMBER_IMPORT_VISIBILITY = YES;
				SWIFT_VERSION = 5.0;
				TEST_TARGET_NAME = "voice-input";
			};
			name = Debug;
		};
		72C366952F555AF600F76F2D /* Release */ = {
			isa = XCBuildConfiguration;
			buildSettings = {
				CODE_SIGN_STYLE = Automatic;
				CURRENT_PROJECT_VERSION = 221;
				DEVELOPMENT_TEAM = "";
				GENERATE_INFOPLIST_FILE = YES;
				MARKETING_VERSION = 0.3.6;
				PRODUCT_BUNDLE_IDENTIFIER = "ssh2026.voice-inputUITests";
				PRODUCT_NAME = "龙虾输入法";
				STRING_CATALOG_GENERATE_SYMBOLS = NO;
				SWIFT_APPROACHABLE_CONCURRENCY = YES;
				SWIFT_EMIT_LOC_STRINGS = NO;
				SWIFT_UPCOMING_FEATURE_MEMBER_IMPORT_VISIBILITY = YES;
				SWIFT_VERSION = 5.0;
				TEST_TARGET_NAME = "voice-input";
			};
			name = Release;
		};
/* End XCBuildConfiguration section */

/* Begin XCConfigurationList section */
		72C366652F555AF100F76F2D /* Build configuration list for PBXProject "voice-input" */ = {
			isa = XCConfigurationList;
			buildConfigurations = (
				72C3668B2F555AF600F76F2D /* Debug */,
				72C3668C2F555AF600F76F2D /* Release */,
			);
			defaultConfigurationIsVisible = 0;
			defaultConfigurationName = Release;
		};
		72C3668D2F555AF600F76F2D /* Build configuration list for PBXNativeTarget "voice-input" */ = {
			isa = XCConfigurationList;
			buildConfigurations = (
				72C3668E2F555AF600F76F2D /* Debug */,
				72C3668F2F555AF600F76F2D /* Release */,
			);
			defaultConfigurationIsVisible = 0;
			defaultConfigurationName = Release;
		};
		72C366902F555AF600F76F2D /* Build configuration list for PBXNativeTarget "voice-inputTests" */ = {
			isa = XCConfigurationList;
			buildConfigurations = (
				72C366912F555AF600F76F2D /* Debug */,
				72C366922F555AF600F76F2D /* Release */,
			);
			defaultConfigurationIsVisible = 0;
			defaultConfigurationName = Release;
		};
		72C366932F555AF600F76F2D /* Build configuration list for PBXNativeTarget "voice-inputUITests" */ = {
			isa = XCConfigurationList;
			buildConfigurations = (
				72C366942F555AF600F76F2D /* Debug */,
				72C366952F555AF600F76F2D /* Release */,
			);
			defaultConfigurationIsVisible = 0;
			defaultConfigurationName = Release;
		};
/* End XCConfigurationList section */

/* Begin XCRemoteSwiftPackageReference section */
		72A8A82C2F6916D30072F313 /* XCRemoteSwiftPackageReference "Sparkle" */ = {
			isa = XCRemoteSwiftPackageReference;
			repositoryURL = "https://github.com/sparkle-project/Sparkle";
			requirement = {
				kind = upToNextMajorVersion;
				minimumVersion = 2.9.0;
			};
		};
/* End XCRemoteSwiftPackageReference section */

/* Begin XCSwiftPackageProductDependency section */
		72A8A82E2F6916DC0072F313 /* Sparkle */ = {
			isa = XCSwiftPackageProductDependency;
			package = 72A8A82C2F6916D30072F313 /* XCRemoteSwiftPackageReference "Sparkle" */;
			productName = Sparkle;
		};
/* End XCSwiftPackageProductDependency section */
	};
	rootObject = 72C366622F555AF100F76F2D /* Project object */;
}
